// !$*UTF8*$!
{
	archiveVersion = 1;
	classes = {
	};
	objectVersion = 46;
	objects = {

/* Begin PBXBuildFile section */
		572960AA1CBDD90000A412AC /* AppDelegate.swift in Sources */ = {isa = PBXBuildFile; fileRef = 572960A91CBDD90000A412AC /* AppDelegate.swift */; };
		572960AC1CBDD90000A412AC /* CurrentLocationViewController.swift in Sources */ = {isa = PBXBuildFile; fileRef = 572960AB1CBDD90000A412AC /* CurrentLocationViewController.swift */; };
		572960AE1CBDD90000A412AC /* SecondViewController.swift in Sources */ = {isa = PBXBuildFile; fileRef = 572960AD1CBDD90000A412AC /* SecondViewController.swift */; };
		572960B11CBDD90000A412AC /* Main.storyboard in Resources */ = {isa = PBXBuildFile; fileRef = 572960AF1CBDD90000A412AC /* Main.storyboard */; };
		572960B31CBDD90000A412AC /* Assets.xcassets in Resources */ = {isa = PBXBuildFile; fileRef = 572960B21CBDD90000A412AC /* Assets.xcassets */; };
		572960B61CBDD90000A412AC /* LaunchScreen.storyboard in Resources */ = {isa = PBXBuildFile; fileRef = 572960B41CBDD90000A412AC /* LaunchScreen.storyboard */; };
		574FF7521CDC48F9005F577A /* LocationDetailsViewController.swift in Sources */ = {isa = PBXBuildFile; fileRef = 574FF7511CDC48F9005F577A /* LocationDetailsViewController.swift */; };
		57DF75FE1CE2F63B00A7D499 /* CategoryPickerViewController.swift in Sources */ = {isa = PBXBuildFile; fileRef = 57DF75FD1CE2F63B00A7D499 /* CategoryPickerViewController.swift */; };
/* End PBXBuildFile section */

/* Begin PBXFileReference section */
		572960A61CBDD90000A412AC /* MyLocations.app */ = {isa = PBXFileReference; explicitFileType = wrapper.application; includeInIndex = 0; path = MyLocations.app; sourceTree = BUILT_PRODUCTS_DIR; };
		572960A91CBDD90000A412AC /* AppDelegate.swift */ = {isa = PBXFileReference; lastKnownFileType = sourcecode.swift; path = AppDelegate.swift; sourceTree = "<group>"; };
		572960AB1CBDD90000A412AC /* CurrentLocationViewController.swift */ = {isa = PBXFileReference; lastKnownFileType = sourcecode.swift; path = CurrentLocationViewController.swift; sourceTree = "<group>"; };
		572960AD1CBDD90000A412AC /* SecondViewController.swift */ = {isa = PBXFileReference; lastKnownFileType = sourcecode.swift; path = SecondViewController.swift; sourceTree = "<group>"; };
		572960B01CBDD90000A412AC /* Base */ = {isa = PBXFileReference; lastKnownFileType = file.storyboard; name = Base; path = Base.lproj/Main.storyboard; sourceTree = "<group>"; };
		572960B21CBDD90000A412AC /* Assets.xcassets */ = {isa = PBXFileReference; lastKnownFileType = folder.assetcatalog; path = Assets.xcassets; sourceTree = "<group>"; };
		572960B51CBDD90000A412AC /* Base */ = {isa = PBXFileReference; lastKnownFileType = file.storyboard; name = Base; path = Base.lproj/LaunchScreen.storyboard; sourceTree = "<group>"; };
		572960B71CBDD90000A412AC /* Info.plist */ = {isa = PBXFileReference; lastKnownFileType = text.plist.xml; path = Info.plist; sourceTree = "<group>"; };
		574FF7511CDC48F9005F577A /* LocationDetailsViewController.swift */ = {isa = PBXFileReference; fileEncoding = 4; lastKnownFileType = sourcecode.swift; path = LocationDetailsViewController.swift; sourceTree = "<group>"; };
		57DF75FD1CE2F63B00A7D499 /* CategoryPickerViewController.swift */ = {isa = PBXFileReference; fileEncoding = 4; lastKnownFileType = sourcecode.swift; path = CategoryPickerViewController.swift; sourceTree = "<group>"; };
/* End PBXFileReference section */

/* Begin PBXFrameworksBuildPhase section */
		572960A31CBDD90000A412AC /* Frameworks */ = {
			isa = PBXFrameworksBuildPhase;
			buildActionMask = 2147483647;
			files = (
			);
			runOnlyForDeploymentPostprocessing = 0;
		};
/* End PBXFrameworksBuildPhase section */

/* Begin PBXGroup section */
		5729609D1CBDD90000A412AC = {
			isa = PBXGroup;
			children = (
				572960A81CBDD90000A412AC /* MyLocations */,
				572960A71CBDD90000A412AC /* Products */,
			);
			sourceTree = "<group>";
		};
		572960A71CBDD90000A412AC /* Products */ = {
			isa = PBXGroup;
			children = (
				572960A61CBDD90000A412AC /* MyLocations.app */,
			);
			name = Products;
			sourceTree = "<group>";
		};
		572960A81CBDD90000A412AC /* MyLocations */ = {
			isa = PBXGroup;
			children = (
				572960A91CBDD90000A412AC /* AppDelegate.swift */,
				572960AB1CBDD90000A412AC /* CurrentLocationViewController.swift */,
				574FF7511CDC48F9005F577A /* LocationDetailsViewController.swift */,
				57DF75FD1CE2F63B00A7D499 /* CategoryPickerViewController.swift */,
				572960AD1CBDD90000A412AC /* SecondViewController.swift */,
				572960AF1CBDD90000A412AC /* Main.storyboard */,
				572960B21CBDD90000A412AC /* Assets.xcassets */,
				572960B41CBDD90000A412AC /* LaunchScreen.storyboard */,
				572960B71CBDD90000A412AC /* Info.plist */,
			);
			path = MyLocations;
			sourceTree = "<group>";
		};
/* End PBXGroup section */

/* Begin PBXNativeTarget section */
		572960A51CBDD90000A412AC /* MyLocations */ = {
			isa = PBXNativeTarget;
			buildConfigurationList = 572960BA1CBDD90000A412AC /* Build configuration list for PBXNativeTarget "MyLocations" */;
			buildPhases = (
				572960A21CBDD90000A412AC /* Sources */,
				572960A31CBDD90000A412AC /* Frameworks */,
				572960A41CBDD90000A412AC /* Resources */,
			);
			buildRules = (
			);
			dependencies = (
			);
			name = MyLocations;
			productName = MyLocations;
			productReference = 572960A61CBDD90000A412AC /* MyLocations.app */;
			productType = "com.apple.product-type.application";
		};
/* End PBXNativeTarget section */

/* Begin PBXProject section */
		5729609E1CBDD90000A412AC /* Project object */ = {
			isa = PBXProject;
			attributes = {
				LastSwiftUpdateCheck = 0730;
				LastUpgradeCheck = 0730;
				ORGANIZATIONNAME = "Dan Patey";
				TargetAttributes = {
					572960A51CBDD90000A412AC = {
						CreatedOnToolsVersion = 7.3;
						DevelopmentTeam = U6J9N2F6E2;
					};
				};
			};
			buildConfigurationList = 572960A11CBDD90000A412AC /* Build configuration list for PBXProject "MyLocations" */;
			compatibilityVersion = "Xcode 3.2";
			developmentRegion = English;
			hasScannedForEncodings = 0;
			knownRegions = (
				en,
				Base,
			);
			mainGroup = 5729609D1CBDD90000A412AC;
			productRefGroup = 572960A71CBDD90000A412AC /* Products */;
			projectDirPath = "";
			projectRoot = "";
			targets = (
				572960A51CBDD90000A412AC /* MyLocations */,
			);
		};
/* End PBXProject section */

/* Begin PBXResourcesBuildPhase section */
		572960A41CBDD90000A412AC /* Resources */ = {
			isa = PBXResourcesBuildPhase;
			buildActionMask = 2147483647;
			files = (
				572960B61CBDD90000A412AC /* LaunchScreen.storyboard in Resources */,
				572960B31CBDD90000A412AC /* Assets.xcassets in Resources */,
				572960B11CBDD90000A412AC /* Main.storyboard in Resources */,
			);
			runOnlyForDeploymentPostprocessing = 0;
		};
/* End PBXResourcesBuildPhase section */

/* Begin PBXSourcesBuildPhase section */
		572960A21CBDD90000A412AC /* Sources */ = {
			isa = PBXSourcesBuildPhase;
			buildActionMask = 2147483647;
			files = (
				574FF7521CDC48F9005F577A /* LocationDetailsViewController.swift in Sources */,
				572960AE1CBDD90000A412AC /* SecondViewController.swift in Sources */,
				572960AA1CBDD90000A412AC /* AppDelegate.swift in Sources */,
				57DF75FE1CE2F63B00A7D499 /* CategoryPickerViewController.swift in Sources */,
				572960AC1CBDD90000A412AC /* CurrentLocationViewController.swift in Sources */,
			);
			runOnlyForDeploymentPostprocessing = 0;
		};
/* End PBXSourcesBuildPhase section */

/* Begin PBXVariantGroup section */
		572960AF1CBDD90000A412AC /* Main.storyboard */ = {
			isa = PBXVariantGroup;
			children = (
				572960B01CBDD90000A412AC /* Base */,
			);
			name = Main.storyboard;
			sourceTree = "<group>";
		};
		572960B41CBDD90000A412AC /* LaunchScreen.storyboard */ = {
			isa = PBXVariantGroup;
			children = (
				572960B51CBDD90000A412AC /* Base */,
			);
			name = LaunchScreen.storyboard;
			sourceTree = "<group>";
		};
/* End PBXVariantGroup section */

/* Begin XCBuildConfiguration section */
		572960B81CBDD90000A412AC /* Debug */ = {
			isa = XCBuildConfiguration;
			buildSettings = {
				ALWAYS_SEARCH_USER_PATHS = NO;
				CLANG_ANALYZER_NONNULL = YES;
				CLANG_CXX_LANGUAGE_STANDARD = "gnu++0x";
				CLANG_CXX_LIBRARY = "libc++";
				CLANG_ENABLE_MODULES = YES;
				CLANG_ENABLE_OBJC_ARC = YES;
				CLANG_WARN_BOOL_CONVERSION = YES;
				CLANG_WARN_CONSTANT_CONVERSION = YES;
				CLANG_WARN_DIRECT_OBJC_ISA_USAGE = YES_ERROR;
				CLANG_WARN_EMPTY_BODY = YES;
				CLANG_WARN_ENUM_CONVERSION = YES;
				CLANG_WARN_INT_CONVERSION = YES;
				CLANG_WARN_OBJC_ROOT_CLASS = YES_ERROR;
				CLANG_WARN_UNREACHABLE_CODE = YES;
				CLANG_WARN__DUPLICATE_METHOD_MATCH = YES;
				"CODE_SIGN_IDENTITY[sdk=iphoneos*]" = "iPhone Developer";
				COPY_PHASE_STRIP = NO;
				DEBUG_INFORMATION_FORMAT = dwarf;
				ENABLE_STRICT_OBJC_MSGSEND = YES;
				ENABLE_TESTABILITY = YES;
				GCC_C_LANGUAGE_STANDARD = gnu99;
				GCC_DYNAMIC_NO_PIC = NO;
				GCC_NO_COMMON_BLOCKS = YES;
				GCC_OPTIMIZATION_LEVEL = 0;
				GCC_PREPROCESSOR_DEFINITIONS = (
					"DEBUG=1",
					"$(inherited)",
				);
				GCC_WARN_64_TO_32_BIT_CONVERSION = YES;
				GCC_WARN_ABOUT_RETURN_TYPE = YES_ERROR;
				GCC_WARN_UNDECLARED_SELECTOR = YES;
				GCC_WARN_UNINITIALIZED_AUTOS = YES_AGGRESSIVE;
				GCC_WARN_UNUSED_FUNCTION = YES;
				GCC_WARN_UNUSED_VARIABLE = YES;
				IPHONEOS_DEPLOYMENT_TARGET = 9.3;
				MTL_ENABLE_DEBUG_INFO = YES;
				ONLY_ACTIVE_ARCH = YES;
				SDKROOT = iphoneos;
				SWIFT_OPTIMIZATION_LEVEL = "-Onone";
			};
			name = Debug;
		};
		572960B91CBDD90000A412AC /* Release */ = {
			isa = XCBuildConfiguration;
			buildSettings = {
				ALWAYS_SEARCH_USER_PATHS = NO;
				CLANG_ANALYZER_NONNULL = YES;
				CLANG_CXX_LANGUAGE_STANDARD = "gnu++0x";
				CLANG_CXX_LIBRARY = "libc++";
				CLANG_ENABLE_MODULES = YES;
				CLANG_ENABLE_OBJC_ARC = YES;
				CLANG_WARN_BOOL_CONVERSION = YES;
				CLANG_WARN_CONSTANT_CONVERSION = YES;
				CLANG_WARN_DIRECT_OBJC_ISA_USAGE = YES_ERROR;
				CLANG_WARN_EMPTY_BODY = YES;
				CLANG_WARN_ENUM_CONVERSION = YES;
				CLANG_WARN_INT_CONVERSION = YES;
				CLANG_WARN_OBJC_ROOT_CLASS = YES_ERROR;
				CLANG_WARN_UNREACHABLE_CODE = YES;
				CLANG_WARN__DUPLICATE_METHOD_MATCH = YES;
				"CODE_SIGN_IDENTITY[sdk=iphoneos*]" = "iPhone Developer";
				COPY_PHASE_STRIP = NO;
				DEBUG_INFORMATION_FORMAT = "dwarf-with-dsym";
				ENABLE_NS_ASSERTIONS = NO;
				ENABLE_STRICT_OBJC_MSGSEND = YES;
				GCC_C_LANGUAGE_STANDARD = gnu99;
				GCC_NO_COMMON_BLOCKS = YES;
				GCC_WARN_64_TO_32_BIT_CONVERSION = YES;
				GCC_WARN_ABOUT_RETURN_TYPE = YES_ERROR;
				GCC_WARN_UNDECLARED_SELECTOR = YES;
				GCC_WARN_UNINITIALIZED_AUTOS = YES_AGGRESSIVE;
				GCC_WARN_UNUSED_FUNCTION = YES;
				GCC_WARN_UNUSED_VARIABLE = YES;
				IPHONEOS_DEPLOYMENT_TARGET = 9.3;
				MTL_ENABLE_DEBUG_INFO = NO;
				SDKROOT = iphoneos;
				VALIDATE_PRODUCT = YES;
			};
			name = Release;
		};
		572960BB1CBDD90000A412AC /* Debug */ = {
			isa = XCBuildConfiguration;
			buildSettings = {
				ASSETCATALOG_COMPILER_APPICON_NAME = AppIcon;
				INFOPLIST_FILE = MyLocations/Info.plist;
				LD_RUNPATH_SEARCH_PATHS = "$(inherited) @executable_path/Frameworks";
				PRODUCT_BUNDLE_IDENTIFIER = com.hackingwithswift.MyLocations;
				PRODUCT_NAME = "$(TARGET_NAME)";
			};
			name = Debug;
		};
		572960BC1CBDD90000A412AC /* Release */ = {
			isa = XCBuildConfiguration;
			buildSettings = {
				ASSETCATALOG_COMPILER_APPICON_NAME = AppIcon;
				INFOPLIST_FILE = MyLocations/Info.plist;
				LD_RUNPATH_SEARCH_PATHS = "$(inherited) @executable_path/Frameworks";
				PRODUCT_BUNDLE_IDENTIFIER = com.hackingwithswift.MyLocations;
				PRODUCT_NAME = "$(TARGET_NAME)";
			};
			name = Release;
		};
/* End XCBuildConfiguration section */

/* Begin XCConfigurationList section */
		572960A11CBDD90000A412AC /* Build configuration list for PBXProject "MyLocations" */ = {
			isa = XCConfigurationList;
			buildConfigurations = (
				572960B81CBDD90000A412AC /* Debug */,
				572960B91CBDD90000A412AC /* Release */,
			);
			defaultConfigurationIsVisible = 0;
			defaultConfigurationName = Release;
		};
		572960BA1CBDD90000A412AC /* Build configuration list for PBXNativeTarget "MyLocations" */ = {
			isa = XCConfigurationList;
			buildConfigurations = (
				572960BB1CBDD90000A412AC /* Debug */,
				572960BC1CBDD90000A412AC /* Release */,
			);
			defaultConfigurationIsVisible = 0;
			defaultConfigurationName = Release;
		};
/* End XCConfigurationList section */
	};
	rootObject = 5729609E1CBDD90000A412AC /* Project object */;
}
